
Microsoft Visual Studio Solution File, Format Version 12.00
# Visual Studio 14
VisualStudioVersion = 14.0.25420.1
MinimumVisualStudioVersion = 10.0.40219.1
Project("{FAE04EC0-301F-11D3-BF4B-00C04F79EFBC}") = "csharp-solid-1", "csharp-solid\csharp-solid-1.csproj", "{8BD71F12-639C-4A55-8E3D-2C402B2AD000}"
EndProject
Project("{FAE04EC0-301F-11D3-BF4B-00C04F79EFBC}") = "csharp-solid-2", "csharp-solid-o\csharp-solid-2.csproj", "{E590CB23-16F2-4B5E-B464-4D17CEDE210D}"
EndProject
Project("{FAE04EC0-301F-11D3-BF4B-00C04F79EFBC}") = "csharp_solid_3", "csharp_solid_l\csharp_solid_3.csproj", "{8F6094F8-E9FB-4812-BF2C-3AC3783F65CA}"
EndProject
Project("{FAE04EC0-301F-11D3-BF4B-00C04F79EFBC}") = "csharp_solid_4", "csharp_solid_4\csharp_solid_4.csproj", "{A4BE3F16-FE34-459C-A689-72F2ADC18679}"
EndProject
Global
	GlobalSection(SolutionConfigurationPlatforms) = preSolution
		Debug|Any CPU = Debug|Any CPU
		Release|Any CPU = Release|Any CPU
	EndGlobalSection
	GlobalSection(ProjectConfigurationPlatforms) = postSolution
		{8BD71F12-639C-4A55-8E3D-2C402B2AD000}.Debug|Any CPU.ActiveCfg = Debug|Any CPU
		{8BD71F12-639C-4A55-8E3D-2C402B2AD000}.Debug|Any CPU.Build.0 = Debug|Any CPU
		{8BD71F12-639C-4A55-8E3D-2C402B2AD000}.Release|Any CPU.ActiveCfg = Release|Any CPU
		{8BD71F12-639C-4A55-8E3D-2C402B2AD000}.Release|Any CPU.Build.0 = Release|Any CPU
		{E590CB23-16F2-4B5E-B464-4D17CEDE210D}.Debug|Any CPU.ActiveCfg = Debug|Any CPU
		{E590CB23-16F2-4B5E-B464-4D17CEDE210D}.Debug|Any CPU.Build.0 = Debug|Any CPU
		{E590CB23-16F2-4B5E-B464-4D17CEDE210D}.Release|Any CPU.ActiveCfg = Release|Any CPU
		{E590CB23-16F2-4B5E-B464-4D17CEDE210D}.Release|Any CPU.Build.0 = Release|Any CPU
		{8F6094F8-E9FB-4812-BF2C-3AC3783F65CA}.Debug|Any CPU.ActiveCfg = Debug|Any CPU
		{8F6094F8-E9FB-4812-BF2C-3AC3783F65CA}.Debug|Any CPU.Build.0 = Debug|Any CPU
		{8F6094F8-E9FB-4812-BF2C-3AC3783F65CA}.Release|Any CPU.ActiveCfg = Release|Any CPU
		{8F6094F8-E9FB-4812-BF2C-3AC3783F65CA}.Release|Any CPU.Build.0 = Release|Any CPU
		{A4BE3F16-FE34-459C-A689-72F2ADC18679}.Debug|Any CPU.ActiveCfg = Debug|Any CPU
		{A4BE3F16-FE34-459C-A689-72F2ADC18679}.Debug|Any CPU.Build.0 = Debug|Any CPU
		{A4BE3F16-FE34-459C-A689-72F2ADC18679}.Release|Any CPU.ActiveCfg = Release|Any CPU
		{A4BE3F16-FE34-459C-A689-72F2ADC18679}.Release|Any CPU.Build.0 = Release|Any CPU
	EndGlobalSection
	GlobalSection(SolutionProperties) = preSolution
		HideSolutionNode = FALSE
	EndGlobalSection
EndGlobal
