
Microsoft Visual Studio Solution File, Format Version 12.00
# Visual Studio 14
VisualStudioVersion = 14.0.25420.1
MinimumVisualStudioVersion = 10.0.40219.1
Project("{FAE04EC0-301F-11D3-BF4B-00C04F79EFBC}") = "csharp-solid-s", "csharp-solid\csharp-solid-s.csproj", "{8BD71F12-639C-4A55-8E3D-2C402B2AD000}"
EndProject
Project("{FAE04EC0-301F-11D3-BF4B-00C04F79EFBC}") = "csharp-solid-o", "csharp-solid-o\csharp-solid-o.csproj", "{E590CB23-16F2-4B5E-B464-4D17CEDE210D}"
EndProject
Project("{2150E333-8FDC-42A3-9474-1A3956D46DE8}") = "1 - S", "1 - S", "{144AAD61-1F45-4FA8-9655-BEA1368B4A56}"
EndProject
Project("{2150E333-8FDC-42A3-9474-1A3956D46DE8}") = "2 - O", "2 - O", "{2A54495E-C111-40A2-936D-E48CA391D4E1}"
EndProject
Project("{2150E333-8FDC-42A3-9474-1A3956D46DE8}") = "3 - L", "3 - L", "{259A0BA9-8C4D-4F52-94E3-0B3E472575A9}"
EndProject
Project("{2150E333-8FDC-42A3-9474-1A3956D46DE8}") = "4 - I", "4 - I", "{CB26FB3D-F356-4D01-A1C4-0F20FD1785B4}"
EndProject
Project("{2150E333-8FDC-42A3-9474-1A3956D46DE8}") = "5 - D", "5 - D", "{38930AE4-061A-4F61-B44D-3AB593A59369}"
EndProject
Global
	GlobalSection(SolutionConfigurationPlatforms) = preSolution
		Debug|Any CPU = Debug|Any CPU
		Release|Any CPU = Release|Any CPU
	EndGlobalSection
	GlobalSection(ProjectConfigurationPlatforms) = postSolution
		{8BD71F12-639C-4A55-8E3D-2C402B2AD000}.Debug|Any CPU.ActiveCfg = Debug|Any CPU
		{8BD71F12-639C-4A55-8E3D-2C402B2AD000}.Debug|Any CPU.Build.0 = Debug|Any CPU
		{8BD71F12-639C-4A55-8E3D-2C402B2AD000}.Release|Any CPU.ActiveCfg = Release|Any CPU
		{8BD71F12-639C-4A55-8E3D-2C402B2AD000}.Release|Any CPU.Build.0 = Release|Any CPU
		{E590CB23-16F2-4B5E-B464-4D17CEDE210D}.Debug|Any CPU.ActiveCfg = Debug|Any CPU
		{E590CB23-16F2-4B5E-B464-4D17CEDE210D}.Debug|Any CPU.Build.0 = Debug|Any CPU
		{E590CB23-16F2-4B5E-B464-4D17CEDE210D}.Release|Any CPU.ActiveCfg = Release|Any CPU
		{E590CB23-16F2-4B5E-B464-4D17CEDE210D}.Release|Any CPU.Build.0 = Release|Any CPU
	EndGlobalSection
	GlobalSection(SolutionProperties) = preSolution
		HideSolutionNode = FALSE
	EndGlobalSection
	GlobalSection(NestedProjects) = preSolution
		{8BD71F12-639C-4A55-8E3D-2C402B2AD000} = {144AAD61-1F45-4FA8-9655-BEA1368B4A56}
		{E590CB23-16F2-4B5E-B464-4D17CEDE210D} = {2A54495E-C111-40A2-936D-E48CA391D4E1}
	EndGlobalSection
EndGlobal
